
Microsoft Visual Studio Solution File, Format Version 12.00
# Visual Studio 15
VisualStudioVersion = 15.0.26730.12
MinimumVisualStudioVersion = 10.0.40219.1
Project("{FAE04EC0-301F-11D3-BF4B-00C04F79EFBC}") = "Game1", "Game1\Game1.csproj", "{BB1C1584-4B13-4470-B552-EF4B522B0416}"
EndProject
Global
	GlobalSection(SolutionConfigurationPlatforms) = preSolution
		Debug|x86 = Debug|x86
		Release|x86 = Release|x86
	EndGlobalSection
	GlobalSection(ProjectConfigurationPlatforms) = postSolution
		{BB1C1584-4B13-4470-B552-EF4B522B0416}.Debug|x86.ActiveCfg = Debug|x86
		{BB1C1584-4B13-4470-B552-EF4B522B0416}.Debug|x86.Build.0 = Debug|x86
		{BB1C1584-4B13-4470-B552-EF4B522B0416}.Release|x86.ActiveCfg = Release|x86
		{BB1C1584-4B13-4470-B552-EF4B522B0416}.Release|x86.Build.0 = Release|x86
	EndGlobalSection
	GlobalSection(SolutionProperties) = preSolution
		HideSolutionNode = FALSE
	EndGlobalSection
	GlobalSection(ExtensibilityGlobals) = postSolution
		SolutionGuid = {970791F6-0748-48B2-A899-AFFA054245F1}
	EndGlobalSection
EndGlobal
